
Microsoft Visual Studio Solution File, Format Version 12.00
# Visual Studio 15
VisualStudioVersion = 15.0.27130.2003
MinimumVisualStudioVersion = 10.0.40219.1
Project("{FAE04EC0-301F-11D3-BF4B-00C04F79EFBC}") = "ESILV.CloudApplication.Problem", "ESILV.CloudApplication.Problem\ESILV.CloudApplication.Problem.csproj", "{C6F48E6E-C8F6-46F4-A3C3-406D890D4AEA}"
EndProject
Project("{FAE04EC0-301F-11D3-BF4B-00C04F79EFBC}") = "ESILV.CloudApplication.Problem.Library", "ESILV.CloudApplication.Problem.Library\ESILV.CloudApplication.Problem.Library.csproj", "{FA8EE504-7D5B-41D1-8F51-09593179AE92}"
EndProject
Project("{FAE04EC0-301F-11D3-BF4B-00C04F79EFBC}") = "ESILV.CloudApplication.Problem.MongoDBWrapper", "Esilv.CloudApplication.Problem.MongoDBWrapper\ESILV.CloudApplication.Problem.MongoDBWrapper.csproj", "{CA6E24BF-8769-4F3E-B079-193CE87E9015}"
EndProject
Global
	GlobalSection(SolutionConfigurationPlatforms) = preSolution
		Debug|Any CPU = Debug|Any CPU
		Release|Any CPU = Release|Any CPU
	EndGlobalSection
	GlobalSection(ProjectConfigurationPlatforms) = postSolution
		{C6F48E6E-C8F6-46F4-A3C3-406D890D4AEA}.Debug|Any CPU.ActiveCfg = Debug|Any CPU
		{C6F48E6E-C8F6-46F4-A3C3-406D890D4AEA}.Debug|Any CPU.Build.0 = Debug|Any CPU
		{C6F48E6E-C8F6-46F4-A3C3-406D890D4AEA}.Release|Any CPU.ActiveCfg = Release|Any CPU
		{C6F48E6E-C8F6-46F4-A3C3-406D890D4AEA}.Release|Any CPU.Build.0 = Release|Any CPU
		{FA8EE504-7D5B-41D1-8F51-09593179AE92}.Debug|Any CPU.ActiveCfg = Debug|Any CPU
		{FA8EE504-7D5B-41D1-8F51-09593179AE92}.Debug|Any CPU.Build.0 = Debug|Any CPU
		{FA8EE504-7D5B-41D1-8F51-09593179AE92}.Release|Any CPU.ActiveCfg = Release|Any CPU
		{FA8EE504-7D5B-41D1-8F51-09593179AE92}.Release|Any CPU.Build.0 = Release|Any CPU
		{CA6E24BF-8769-4F3E-B079-193CE87E9015}.Debug|Any CPU.ActiveCfg = Debug|Any CPU
		{CA6E24BF-8769-4F3E-B079-193CE87E9015}.Debug|Any CPU.Build.0 = Debug|Any CPU
		{CA6E24BF-8769-4F3E-B079-193CE87E9015}.Release|Any CPU.ActiveCfg = Release|Any CPU
		{CA6E24BF-8769-4F3E-B079-193CE87E9015}.Release|Any CPU.Build.0 = Release|Any CPU
	EndGlobalSection
	GlobalSection(SolutionProperties) = preSolution
		HideSolutionNode = FALSE
	EndGlobalSection
	GlobalSection(ExtensibilityGlobals) = postSolution
		SolutionGuid = {D806698B-9BEB-421A-B6B5-25F30048A580}
	EndGlobalSection
EndGlobal
